// !$*UTF8*$!
{
	archiveVersion = 1;
	classes = {
	};
	objectVersion = 46;
	objects = {

/* Begin PBXBuildFile section */
		78FB526619A7E80A007E2F37 /* AppDelegate.swift in Sources */ = {isa = PBXBuildFile; fileRef = 78FB526519A7E80A007E2F37 /* AppDelegate.swift */; };
		78FB526819A7E80A007E2F37 /* ViewController.swift in Sources */ = {isa = PBXBuildFile; fileRef = 78FB526719A7E80A007E2F37 /* ViewController.swift */; };
		78FB526B19A7E80A007E2F37 /* Main.storyboard in Resources */ = {isa = PBXBuildFile; fileRef = 78FB526919A7E80A007E2F37 /* Main.storyboard */; };
		78FB526D19A7E80A007E2F37 /* Images.xcassets in Resources */ = {isa = PBXBuildFile; fileRef = 78FB526C19A7E80A007E2F37 /* Images.xcassets */; };
		78FB527919A7E80A007E2F37 /* AVAudioPlayerNodePlayPauseTests.swift in Sources */ = {isa = PBXBuildFile; fileRef = 78FB527819A7E80A007E2F37 /* AVAudioPlayerNodePlayPauseTests.swift */; };
/* End PBXBuildFile section */

/* Begin PBXContainerItemProxy section */
		78FB527319A7E80A007E2F37 /* PBXContainerItemProxy */ = {
			isa = PBXContainerItemProxy;
			containerPortal = 78FB525819A7E80A007E2F37 /* Project object */;
			proxyType = 1;
			remoteGlobalIDString = 78FB525F19A7E80A007E2F37;
			remoteInfo = AVAudioPlayerNodePlayPause;
		};
/* End PBXContainerItemProxy section */

/* Begin PBXFileReference section */
		78FB526019A7E80A007E2F37 /* AVAudioPlayerNodePlayPause.app */ = {isa = PBXFileReference; explicitFileType = wrapper.application; includeInIndex = 0; path = AVAudioPlayerNodePlayPause.app; sourceTree = BUILT_PRODUCTS_DIR; };
		78FB526419A7E80A007E2F37 /* Info.plist */ = {isa = PBXFileReference; lastKnownFileType = text.plist.xml; path = Info.plist; sourceTree = "<group>"; };
		78FB526519A7E80A007E2F37 /* AppDelegate.swift */ = {isa = PBXFileReference; lastKnownFileType = sourcecode.swift; path = AppDelegate.swift; sourceTree = "<group>"; };
		78FB526719A7E80A007E2F37 /* ViewController.swift */ = {isa = PBXFileReference; lastKnownFileType = sourcecode.swift; path = ViewController.swift; sourceTree = "<group>"; };
		78FB526A19A7E80A007E2F37 /* Base */ = {isa = PBXFileReference; lastKnownFileType = file.storyboard; name = Base; path = Base.lproj/Main.storyboard; sourceTree = "<group>"; };
		78FB526C19A7E80A007E2F37 /* Images.xcassets */ = {isa = PBXFileReference; lastKnownFileType = folder.assetcatalog; path = Images.xcassets; sourceTree = "<group>"; };
		78FB527219A7E80A007E2F37 /* AVAudioPlayerNodePlayPauseTests.xctest */ = {isa = PBXFileReference; explicitFileType = wrapper.cfbundle; includeInIndex = 0; path = AVAudioPlayerNodePlayPauseTests.xctest; sourceTree = BUILT_PRODUCTS_DIR; };
		78FB527719A7E80A007E2F37 /* Info.plist */ = {isa = PBXFileReference; lastKnownFileType = text.plist.xml; path = Info.plist; sourceTree = "<group>"; };
		78FB527819A7E80A007E2F37 /* AVAudioPlayerNodePlayPauseTests.swift */ = {isa = PBXFileReference; lastKnownFileType = sourcecode.swift; path = AVAudioPlayerNodePlayPauseTests.swift; sourceTree = "<group>"; };
/* End PBXFileReference section */

/* Begin PBXFrameworksBuildPhase section */
		78FB525D19A7E80A007E2F37 /* Frameworks */ = {
			isa = PBXFrameworksBuildPhase;
			buildActionMask = 2147483647;
			files = (
			);
			runOnlyForDeploymentPostprocessing = 0;
		};
		78FB526F19A7E80A007E2F37 /* Frameworks */ = {
			isa = PBXFrameworksBuildPhase;
			buildActionMask = 2147483647;
			files = (
			);
			runOnlyForDeploymentPostprocessing = 0;
		};
/* End PBXFrameworksBuildPhase section */

/* Begin PBXGroup section */
		78FB525719A7E80A007E2F37 = {
			isa = PBXGroup;
			children = (
				78FB526219A7E80A007E2F37 /* AVAudioPlayerNodePlayPause */,
				78FB527519A7E80A007E2F37 /* AVAudioPlayerNodePlayPauseTests */,
				78FB526119A7E80A007E2F37 /* Products */,
			);
			sourceTree = "<group>";
		};
		78FB526119A7E80A007E2F37 /* Products */ = {
			isa = PBXGroup;
			children = (
				78FB526019A7E80A007E2F37 /* AVAudioPlayerNodePlayPause.app */,
				78FB527219A7E80A007E2F37 /* AVAudioPlayerNodePlayPauseTests.xctest */,
			);
			name = Products;
			sourceTree = "<group>";
		};
		78FB526219A7E80A007E2F37 /* AVAudioPlayerNodePlayPause */ = {
			isa = PBXGroup;
			children = (
				78FB526519A7E80A007E2F37 /* AppDelegate.swift */,
				78FB526719A7E80A007E2F37 /* ViewController.swift */,
				78FB526919A7E80A007E2F37 /* Main.storyboard */,
				78FB526C19A7E80A007E2F37 /* Images.xcassets */,
				78FB526319A7E80A007E2F37 /* Supporting Files */,
			);
			path = AVAudioPlayerNodePlayPause;
			sourceTree = "<group>";
		};
		78FB526319A7E80A007E2F37 /* Supporting Files */ = {
			isa = PBXGroup;
			children = (
				78FB526419A7E80A007E2F37 /* Info.plist */,
			);
			name = "Supporting Files";
			sourceTree = "<group>";
		};
		78FB527519A7E80A007E2F37 /* AVAudioPlayerNodePlayPauseTests */ = {
			isa = PBXGroup;
			children = (
				78FB527819A7E80A007E2F37 /* AVAudioPlayerNodePlayPauseTests.swift */,
				78FB527619A7E80A007E2F37 /* Supporting Files */,
			);
			path = AVAudioPlayerNodePlayPauseTests;
			sourceTree = "<group>";
		};
		78FB527619A7E80A007E2F37 /* Supporting Files */ = {
			isa = PBXGroup;
			children = (
				78FB527719A7E80A007E2F37 /* Info.plist */,
			);
			name = "Supporting Files";
			sourceTree = "<group>";
		};
/* End PBXGroup section */

/* Begin PBXNativeTarget section */
		78FB525F19A7E80A007E2F37 /* AVAudioPlayerNodePlayPause */ = {
			isa = PBXNativeTarget;
			buildConfigurationList = 78FB527C19A7E80A007E2F37 /* Build configuration list for PBXNativeTarget "AVAudioPlayerNodePlayPause" */;
			buildPhases = (
				78FB525C19A7E80A007E2F37 /* Sources */,
				78FB525D19A7E80A007E2F37 /* Frameworks */,
				78FB525E19A7E80A007E2F37 /* Resources */,
			);
			buildRules = (
			);
			dependencies = (
			);
			name = AVAudioPlayerNodePlayPause;
			productName = AVAudioPlayerNodePlayPause;
			productReference = 78FB526019A7E80A007E2F37 /* AVAudioPlayerNodePlayPause.app */;
			productType = "com.apple.product-type.application";
		};
		78FB527119A7E80A007E2F37 /* AVAudioPlayerNodePlayPauseTests */ = {
			isa = PBXNativeTarget;
			buildConfigurationList = 78FB527F19A7E80A007E2F37 /* Build configuration list for PBXNativeTarget "AVAudioPlayerNodePlayPauseTests" */;
			buildPhases = (
				78FB526E19A7E80A007E2F37 /* Sources */,
				78FB526F19A7E80A007E2F37 /* Frameworks */,
				78FB527019A7E80A007E2F37 /* Resources */,
			);
			buildRules = (
			);
			dependencies = (
				78FB527419A7E80A007E2F37 /* PBXTargetDependency */,
			);
			name = AVAudioPlayerNodePlayPauseTests;
			productName = AVAudioPlayerNodePlayPauseTests;
			productReference = 78FB527219A7E80A007E2F37 /* AVAudioPlayerNodePlayPauseTests.xctest */;
			productType = "com.apple.product-type.bundle.unit-test";
		};
/* End PBXNativeTarget section */

/* Begin PBXProject section */
		78FB525819A7E80A007E2F37 /* Project object */ = {
			isa = PBXProject;
			attributes = {
				LastUpgradeCheck = 0600;
				ORGANIZATIONNAME = "Mastah Lee";
				TargetAttributes = {
					78FB525F19A7E80A007E2F37 = {
						CreatedOnToolsVersion = 6.0;
					};
					78FB527119A7E80A007E2F37 = {
						CreatedOnToolsVersion = 6.0;
						TestTargetID = 78FB525F19A7E80A007E2F37;
					};
				};
			};
			buildConfigurationList = 78FB525B19A7E80A007E2F37 /* Build configuration list for PBXProject "AVAudioPlayerNodePlayPause" */;
			compatibilityVersion = "Xcode 3.2";
			developmentRegion = English;
			hasScannedForEncodings = 0;
			knownRegions = (
				en,
				Base,
			);
			mainGroup = 78FB525719A7E80A007E2F37;
			productRefGroup = 78FB526119A7E80A007E2F37 /* Products */;
			projectDirPath = "";
			projectRoot = "";
			targets = (
				78FB525F19A7E80A007E2F37 /* AVAudioPlayerNodePlayPause */,
				78FB527119A7E80A007E2F37 /* AVAudioPlayerNodePlayPauseTests */,
			);
		};
/* End PBXProject section */

/* Begin PBXResourcesBuildPhase section */
		78FB525E19A7E80A007E2F37 /* Resources */ = {
			isa = PBXResourcesBuildPhase;
			buildActionMask = 2147483647;
			files = (
				78FB526B19A7E80A007E2F37 /* Main.storyboard in Resources */,
				78FB526D19A7E80A007E2F37 /* Images.xcassets in Resources */,
			);
			runOnlyForDeploymentPostprocessing = 0;
		};
		78FB527019A7E80A007E2F37 /* Resources */ = {
			isa = PBXResourcesBuildPhase;
			buildActionMask = 2147483647;
			files = (
			);
			runOnlyForDeploymentPostprocessing = 0;
		};
/* End PBXResourcesBuildPhase section */

/* Begin PBXSourcesBuildPhase section */
		78FB525C19A7E80A007E2F37 /* Sources */ = {
			isa = PBXSourcesBuildPhase;
			buildActionMask = 2147483647;
			files = (
				78FB526819A7E80A007E2F37 /* ViewController.swift in Sources */,
				78FB526619A7E80A007E2F37 /* AppDelegate.swift in Sources */,
			);
			runOnlyForDeploymentPostprocessing = 0;
		};
		78FB526E19A7E80A007E2F37 /* Sources */ = {
			isa = PBXSourcesBuildPhase;
			buildActionMask = 2147483647;
			files = (
				78FB527919A7E80A007E2F37 /* AVAudioPlayerNodePlayPauseTests.swift in Sources */,
			);
			runOnlyForDeploymentPostprocessing = 0;
		};
/* End PBXSourcesBuildPhase section */

/* Begin PBXTargetDependency section */
		78FB527419A7E80A007E2F37 /* PBXTargetDependency */ = {
			isa = PBXTargetDependency;
			target = 78FB525F19A7E80A007E2F37 /* AVAudioPlayerNodePlayPause */;
			targetProxy = 78FB527319A7E80A007E2F37 /* PBXContainerItemProxy */;
		};
/* End PBXTargetDependency section */

/* Begin PBXVariantGroup section */
		78FB526919A7E80A007E2F37 /* Main.storyboard */ = {
			isa = PBXVariantGroup;
			children = (
				78FB526A19A7E80A007E2F37 /* Base */,
			);
			name = Main.storyboard;
			sourceTree = "<group>";
		};
/* End PBXVariantGroup section */

/* Begin XCBuildConfiguration section */
		78FB527A19A7E80A007E2F37 /* Debug */ = {
			isa = XCBuildConfiguration;
			buildSettings = {
				ALWAYS_SEARCH_USER_PATHS = NO;
				CLANG_CXX_LANGUAGE_STANDARD = "gnu++0x";
				CLANG_CXX_LIBRARY = "libc++";
				CLANG_ENABLE_MODULES = YES;
				CLANG_ENABLE_OBJC_ARC = YES;
				CLANG_WARN_BOOL_CONVERSION = YES;
				CLANG_WARN_CONSTANT_CONVERSION = YES;
				CLANG_WARN_DIRECT_OBJC_ISA_USAGE = YES_ERROR;
				CLANG_WARN_EMPTY_BODY = YES;
				CLANG_WARN_ENUM_CONVERSION = YES;
				CLANG_WARN_INT_CONVERSION = YES;
				CLANG_WARN_OBJC_ROOT_CLASS = YES_ERROR;
				CLANG_WARN_UNREACHABLE_CODE = YES;
				CLANG_WARN__DUPLICATE_METHOD_MATCH = YES;
				"CODE_SIGN_IDENTITY[sdk=iphoneos*]" = "iPhone Developer";
				COPY_PHASE_STRIP = NO;
				ENABLE_STRICT_OBJC_MSGSEND = YES;
				GCC_C_LANGUAGE_STANDARD = gnu99;
				GCC_DYNAMIC_NO_PIC = NO;
				GCC_OPTIMIZATION_LEVEL = 0;
				GCC_PREPROCESSOR_DEFINITIONS = (
					"DEBUG=1",
					"$(inherited)",
				);
				GCC_SYMBOLS_PRIVATE_EXTERN = NO;
				GCC_WARN_64_TO_32_BIT_CONVERSION = YES;
				GCC_WARN_ABOUT_RETURN_TYPE = YES_ERROR;
				GCC_WARN_UNDECLARED_SELECTOR = YES;
				GCC_WARN_UNINITIALIZED_AUTOS = YES_AGGRESSIVE;
				GCC_WARN_UNUSED_FUNCTION = YES;
				GCC_WARN_UNUSED_VARIABLE = YES;
				IPHONEOS_DEPLOYMENT_TARGET = 8.0;
				MTL_ENABLE_DEBUG_INFO = YES;
				ONLY_ACTIVE_ARCH = YES;
				SDKROOT = iphoneos;
				SWIFT_OPTIMIZATION_LEVEL = "-Onone";
				TARGETED_DEVICE_FAMILY = "1,2";
			};
			name = Debug;
		};
		78FB527B19A7E80A007E2F37 /* Release */ = {
			isa = XCBuildConfiguration;
			buildSettings = {
				ALWAYS_SEARCH_USER_PATHS = NO;
				CLANG_CXX_LANGUAGE_STANDARD = "gnu++0x";
				CLANG_CXX_LIBRARY = "libc++";
				CLANG_ENABLE_MODULES = YES;
				CLANG_ENABLE_OBJC_ARC = YES;
				CLANG_WARN_BOOL_CONVERSION = YES;
				CLANG_WARN_CONSTANT_CONVERSION = YES;
				CLANG_WARN_DIRECT_OBJC_ISA_USAGE = YES_ERROR;
				CLANG_WARN_EMPTY_BODY = YES;
				CLANG_WARN_ENUM_CONVERSION = YES;
				CLANG_WARN_INT_CONVERSION = YES;
				CLANG_WARN_OBJC_ROOT_CLASS = YES_ERROR;
				CLANG_WARN_UNREACHABLE_CODE = YES;
				CLANG_WARN__DUPLICATE_METHOD_MATCH = YES;
				"CODE_SIGN_IDENTITY[sdk=iphoneos*]" = "iPhone Developer";
				COPY_PHASE_STRIP = YES;
				ENABLE_NS_ASSERTIONS = NO;
				ENABLE_STRICT_OBJC_MSGSEND = YES;
				GCC_C_LANGUAGE_STANDARD = gnu99;
				GCC_WARN_64_TO_32_BIT_CONVERSION = YES;
				GCC_WARN_ABOUT_RETURN_TYPE = YES_ERROR;
				GCC_WARN_UNDECLARED_SELECTOR = YES;
				GCC_WARN_UNINITIALIZED_AUTOS = YES_AGGRESSIVE;
				GCC_WARN_UNUSED_FUNCTION = YES;
				GCC_WARN_UNUSED_VARIABLE = YES;
				IPHONEOS_DEPLOYMENT_TARGET = 8.0;
				MTL_ENABLE_DEBUG_INFO = NO;
				SDKROOT = iphoneos;
				TARGETED_DEVICE_FAMILY = "1,2";
				VALIDATE_PRODUCT = YES;
			};
			name = Release;
		};
		78FB527D19A7E80A007E2F37 /* Debug */ = {
			isa = XCBuildConfiguration;
			buildSettings = {
				ASSETCATALOG_COMPILER_APPICON_NAME = AppIcon;
				ASSETCATALOG_COMPILER_LAUNCHIMAGE_NAME = LaunchImage;
				INFOPLIST_FILE = AVAudioPlayerNodePlayPause/Info.plist;
				LD_RUNPATH_SEARCH_PATHS = "$(inherited) @executable_path/Frameworks";
				PRODUCT_NAME = "$(TARGET_NAME)";
			};
			name = Debug;
		};
		78FB527E19A7E80A007E2F37 /* Release */ = {
			isa = XCBuildConfiguration;
			buildSettings = {
				ASSETCATALOG_COMPILER_APPICON_NAME = AppIcon;
				ASSETCATALOG_COMPILER_LAUNCHIMAGE_NAME = LaunchImage;
				INFOPLIST_FILE = AVAudioPlayerNodePlayPause/Info.plist;
				LD_RUNPATH_SEARCH_PATHS = "$(inherited) @executable_path/Frameworks";
				PRODUCT_NAME = "$(TARGET_NAME)";
			};
			name = Release;
		};
		78FB528019A7E80A007E2F37 /* Debug */ = {
			isa = XCBuildConfiguration;
			buildSettings = {
				BUNDLE_LOADER = "$(TEST_HOST)";
				FRAMEWORK_SEARCH_PATHS = (
					"$(SDKROOT)/Developer/Library/Frameworks",
					"$(inherited)",
				);
				GCC_PREPROCESSOR_DEFINITIONS = (
					"DEBUG=1",
					"$(inherited)",
				);
				INFOPLIST_FILE = AVAudioPlayerNodePlayPauseTests/Info.plist;
				LD_RUNPATH_SEARCH_PATHS = "$(inherited) @executable_path/Frameworks @loader_path/Frameworks";
				PRODUCT_NAME = "$(TARGET_NAME)";
				TEST_HOST = "$(BUILT_PRODUCTS_DIR)/AVAudioPlayerNodePlayPause.app/AVAudioPlayerNodePlayPause";
			};
			name = Debug;
		};
		78FB528119A7E80A007E2F37 /* Release */ = {
			isa = XCBuildConfiguration;
			buildSettings = {
				BUNDLE_LOADER = "$(TEST_HOST)";
				FRAMEWORK_SEARCH_PATHS = (
					"$(SDKROOT)/Developer/Library/Frameworks",
					"$(inherited)",
				);
				INFOPLIST_FILE = AVAudioPlayerNodePlayPauseTests/Info.plist;
				LD_RUNPATH_SEARCH_PATHS = "$(inherited) @executable_path/Frameworks @loader_path/Frameworks";
				PRODUCT_NAME = "$(TARGET_NAME)";
				TEST_HOST = "$(BUILT_PRODUCTS_DIR)/AVAudioPlayerNodePlayPause.app/AVAudioPlayerNodePlayPause";
			};
			name = Release;
		};
/* End XCBuildConfiguration section */

/* Begin XCConfigurationList section */
		78FB525B19A7E80A007E2F37 /* Build configuration list for PBXProject "AVAudioPlayerNodePlayPause" */ = {
			isa = XCConfigurationList;
			buildConfigurations = (
				78FB527A19A7E80A007E2F37 /* Debug */,
				78FB527B19A7E80A007E2F37 /* Release */,
			);
			defaultConfigurationIsVisible = 0;
			defaultConfigurationName = Release;
		};
		78FB527C19A7E80A007E2F37 /* Build configuration list for PBXNativeTarget "AVAudioPlayerNodePlayPause" */ = {
			isa = XCConfigurationList;
			buildConfigurations = (
				78FB527D19A7E80A007E2F37 /* Debug */,
				78FB527E19A7E80A007E2F37 /* Release */,
			);
			defaultConfigurationIsVisible = 0;
		};
		78FB527F19A7E80A007E2F37 /* Build configuration list for PBXNativeTarget "AVAudioPlayerNodePlayPauseTests" */ = {
			isa = XCConfigurationList;
			buildConfigurations = (
				78FB528019A7E80A007E2F37 /* Debug */,
				78FB528119A7E80A007E2F37 /* Release */,
			);
			defaultConfigurationIsVisible = 0;
		};
/* End XCConfigurationList section */
	};
	rootObject = 78FB525819A7E80A007E2F37 /* Project object */;
}
